# This file is automatically @generated by Cargo.
# It is not intended for manual editing.
version = 3

[[package]]
name = "ape_ast"
version = "0.1.3"
source = "registry+https://github.com/rust-lang/crates.io-index"
checksum = "989e229d2fafd0342db7f39e98cabee15509acc7f7015694c6c6124e224b081c"

[[package]]
name = "ape_lexer"
version = "0.1.2"
source = "registry+https://github.com/rust-lang/crates.io-index"
checksum = "66940a54a1750b68e6de7100a82400f9846dacd611d20588ab4c803e1b1a3819"
dependencies = [
 "ape_ast",
]

[[package]]
name = "ape_parser"
version = "0.1.0"
dependencies = [
 "ape_ast",
 "ape_lexer",
]
