# This file is automatically @generated by Cargo.
# It is not intended for manual editing.
version = 3

[[package]]
name = "ape_ast"
version = "0.1.4"
source = "registry+https://github.com/rust-lang/crates.io-index"
checksum = "6ca86766aa96e19c7c6b4d2f0713ce606f2ca4d5a6f5886f0f190182a3639c7a"

[[package]]
name = "ape_lexer"
version = "0.1.7"
source = "registry+https://github.com/rust-lang/crates.io-index"
checksum = "04b1c452be8c5fcb8b502880e67cf91a1ccec06a4c455fc170820e1355fe126d"
dependencies = [
 "ape_ast",
]

[[package]]
name = "ape_parser"
version = "0.1.2"
dependencies = [
 "ape_ast",
 "ape_lexer",
]
