# This file is automatically @generated by Cargo.
# It is not intended for manual editing.
version = 3

[[package]]
name = "ape_ast"
version = "0.1.3"
source = "registry+https://github.com/rust-lang/crates.io-index"
checksum = "989e229d2fafd0342db7f39e98cabee15509acc7f7015694c6c6124e224b081c"

[[package]]
name = "ape_lexer"
version = "0.1.4"
source = "registry+https://github.com/rust-lang/crates.io-index"
checksum = "4cb9bc98b450b1d647fb3b80138206ad1a6d0907388b681a702a7670ecf03563"
dependencies = [
 "ape_ast",
]

[[package]]
name = "ape_parser"
version = "0.1.2"
dependencies = [
 "ape_ast",
 "ape_lexer",
]
