# This file is automatically @generated by Cargo.
# It is not intended for manual editing.
version = 3

[[package]]
name = "ape_ast"
version = "0.1.0"
source = "registry+https://github.com/rust-lang/crates.io-index"
checksum = "aec1897bacb0a9ee8d838868d9136004c0c349a3d7f89bc00b205340cdab60d4"

[[package]]
name = "ape_lexer"
version = "0.1.0"
dependencies = [
 "ape_ast",
]
