# This file is automatically @generated by Cargo.
# It is not intended for manual editing.
version = 3

[[package]]
name = "ape_ast"
version = "0.1.1"
source = "registry+https://github.com/rust-lang/crates.io-index"
checksum = "d43d6914128e2a399642e3257144a3756081df0ddb363325e31bb1be8674ec2e"

[[package]]
name = "ape_lexer"
version = "0.1.0"
dependencies = [
 "ape_ast",
]
