# This file is automatically @generated by Cargo.
# It is not intended for manual editing.
version = 3

[[package]]
name = "ape_analyzer"
version = "0.1.0"
dependencies = [
 "ape_ast",
]

[[package]]
name = "ape_ast"
version = "0.1.7"
source = "registry+https://github.com/rust-lang/crates.io-index"
checksum = "d774b83ac39a6d384e7cd89a0551d40ab053c995331a4133bd98b7c806b6c659"
